github.com/ifo/trel v0.0.1 h1:kgNfRF/mKi2oAu6aiTEHc+TzpvzEJoHYQJg+/Qfwf2c=
github.com/ifo/trel v0.0.1/go.mod h1:e6g2DaDO++SbLQRz7+M0dsiAUvHqobyskdQJQZL7QmI=
github.com/ifo/trel v0.0.2 h1:5SgOE5YhupdpTMbWYPXA1WziTsgofmx5Zjjs/fAzPkk=
github.com/ifo/trel v0.0.2/go.mod h1:e6g2DaDO++SbLQRz7+M0dsiAUvHqobyskdQJQZL7QmI=
